
Microsoft Visual Studio Solution File, Format Version 12.00
# Visual Studio 15
VisualStudioVersion = 15.0.27703.2035
MinimumVisualStudioVersion = 10.0.40219.1
Project("{9A19103F-16F7-4668-BE54-9A1E7A4F7556}") = "VipcoMachine", "VipcoMachine.csproj", "{7943EB35-A87E-41AE-8F1D-B8E45EC82AF4}"
EndProject
Project("{9A19103F-16F7-4668-BE54-9A1E7A4F7556}") = "ReportClasses", "..\ReportClasses_2\ClassLibrary1\ReportClasses.csproj", "{FFCE12CF-CC0A-4AA0-B7FB-74FC2023AFC4}"
EndProject
Global
	GlobalSection(SolutionConfigurationPlatforms) = preSolution
		Debug|Any CPU = Debug|Any CPU
		Release|Any CPU = Release|Any CPU
	EndGlobalSection
	GlobalSection(ProjectConfigurationPlatforms) = postSolution
		{7943EB35-A87E-41AE-8F1D-B8E45EC82AF4}.Debug|Any CPU.ActiveCfg = Debug|Any CPU
		{7943EB35-A87E-41AE-8F1D-B8E45EC82AF4}.Debug|Any CPU.Build.0 = Debug|Any CPU
		{7943EB35-A87E-41AE-8F1D-B8E45EC82AF4}.Release|Any CPU.ActiveCfg = Release|Any CPU
		{7943EB35-A87E-41AE-8F1D-B8E45EC82AF4}.Release|Any CPU.Build.0 = Release|Any CPU
		{FFCE12CF-CC0A-4AA0-B7FB-74FC2023AFC4}.Debug|Any CPU.ActiveCfg = Debug|Any CPU
		{FFCE12CF-CC0A-4AA0-B7FB-74FC2023AFC4}.Debug|Any CPU.Build.0 = Debug|Any CPU
		{FFCE12CF-CC0A-4AA0-B7FB-74FC2023AFC4}.Release|Any CPU.ActiveCfg = Release|Any CPU
		{FFCE12CF-CC0A-4AA0-B7FB-74FC2023AFC4}.Release|Any CPU.Build.0 = Release|Any CPU
	EndGlobalSection
	GlobalSection(SolutionProperties) = preSolution
		HideSolutionNode = FALSE
	EndGlobalSection
	GlobalSection(ExtensibilityGlobals) = postSolution
		SolutionGuid = {46093122-5900-4371-AC20-C05E00B9866C}
	EndGlobalSection
EndGlobal
